
Microsoft Visual Studio Solution File, Format Version 12.00
# Visual Studio Version 16
VisualStudioVersion = 16.0.33214.272
MinimumVisualStudioVersion = 10.0.40219.1
Project("{8BC9CEB8-8B4A-11D0-8D11-00A0C91BC942}") = "Client", "Client.vcxproj", "{C6DDC25E-D1D9-41AD-B9E9-DBBDD03FDF50}"
EndProject
Global
	GlobalSection(SolutionConfigurationPlatforms) = preSolution
		Debug|x64 = Debug|x64
		Debug|x86 = Debug|x86
		Release|x64 = Release|x64
		Release|x86 = Release|x86
	EndGlobalSection
	GlobalSection(ProjectConfigurationPlatforms) = postSolution
		{C6DDC25E-D1D9-41AD-B9E9-DBBDD03FDF50}.Debug|x64.ActiveCfg = Debug|x64
		{C6DDC25E-D1D9-41AD-B9E9-DBBDD03FDF50}.Debug|x64.Build.0 = Debug|x64
		{C6DDC25E-D1D9-41AD-B9E9-DBBDD03FDF50}.Debug|x86.ActiveCfg = Debug|Win32
		{C6DDC25E-D1D9-41AD-B9E9-DBBDD03FDF50}.Debug|x86.Build.0 = Debug|Win32
		{C6DDC25E-D1D9-41AD-B9E9-DBBDD03FDF50}.Release|x64.ActiveCfg = Release|x64
		{C6DDC25E-D1D9-41AD-B9E9-DBBDD03FDF50}.Release|x64.Build.0 = Release|x64
		{C6DDC25E-D1D9-41AD-B9E9-DBBDD03FDF50}.Release|x86.ActiveCfg = Release|Win32
		{C6DDC25E-D1D9-41AD-B9E9-DBBDD03FDF50}.Release|x86.Build.0 = Release|Win32
	EndGlobalSection
	GlobalSection(SolutionProperties) = preSolution
		HideSolutionNode = FALSE
	EndGlobalSection
	GlobalSection(ExtensibilityGlobals) = postSolution
		SolutionGuid = {E4414D85-DB1D-4E4E-AFB3-858193105116}
	EndGlobalSection
EndGlobal
